PODS:
  - VoxImplantSDK (1.2.0):
    - VoxImplantWebRTC (~> 57.0.0)
  - VoxImplantWebRTC (57.0.0)

DEPENDENCIES:
  - VoxImplantSDK

SPEC CHECKSUMS:
  VoxImplantSDK: 4ac89b4541529da9d88c2108ed696d72bbea11a7
  VoxImplantWebRTC: 89f40b1bcf8bb14e5d8a41d829d71b3badd850b5

PODFILE CHECKSUM: 58ad0a104f7d85ddd78287fbddcae4b25dd4f680

COCOAPODS: 1.2.0
