PODS:
  - VoxImplantSDK (2.35.0):
    - VoxImplantSDK/Core (= 2.35.0)
  - VoxImplantSDK/Core (2.35.0):
    - VoxImplantWebRTC (= 78.5.1)
  - VoxImplantWebRTC (78.5.1)

DEPENDENCIES:
  - VoxImplantSDK (= 2.35.0)

SPEC REPOS:
  trunk:
    - VoxImplantSDK
    - VoxImplantWebRTC

SPEC CHECKSUMS:
  VoxImplantSDK: 347d313098367012720e4dfc33c0374c91374554
  VoxImplantWebRTC: 706f77ca9df71b4013af45a3d4ed7e06185c0be6

PODFILE CHECKSUM: bec6fcfe2f280dd63675865a7fa2eafe2f20facb

COCOAPODS: 1.10.0
