PODS:
  - VoxImplantSDK (2.32.0):
    - VoxImplantSDK/Core (= 2.32.0)
  - VoxImplantSDK/Core (2.32.0):
    - VoxImplantWebRTC (= 78.3.0)
  - VoxImplantWebRTC (78.3.0)

DEPENDENCIES:
  - VoxImplantSDK (= 2.32.0)

SPEC REPOS:
  trunk:
    - VoxImplantSDK
    - VoxImplantWebRTC

SPEC CHECKSUMS:
  VoxImplantSDK: 8cd6eb8cc8f46b1e540c8e62e321158dbcab47bf
  VoxImplantWebRTC: b708efa4326db85a2cafe13b2e36bbdc614fc984

PODFILE CHECKSUM: bec6fcfe2f280dd63675865a7fa2eafe2f20facb

COCOAPODS: 1.9.2
