PODS:
  - VoxImplantSDK (2.34.1):
    - VoxImplantSDK/Core (= 2.34.1)
  - VoxImplantSDK/Core (2.34.1):
    - VoxImplantWebRTC (= 78.5.0)
  - VoxImplantWebRTC (78.5.0)

DEPENDENCIES:
  - VoxImplantSDK (= 2.34.1)

SPEC REPOS:
  trunk:
    - VoxImplantSDK
    - VoxImplantWebRTC

SPEC CHECKSUMS:
  VoxImplantSDK: 7dba9251abddda2c89c89e6d6a238e3c1ccf8083
  VoxImplantWebRTC: 1931752e5ad3eb595a59f426b858dab04250dbba

PODFILE CHECKSUM: bec6fcfe2f280dd63675865a7fa2eafe2f20facb

COCOAPODS: 1.9.2
