// !$*UTF8*$!
{
	archiveVersion = 1;
	classes = {
	};
	objectVersion = 46;
	objects = {

/* Begin PBXBuildFile section */
		C004745B1E76CA5E006C5A2B /* BaseVideoRenderer.cpp in Sources */ = {isa = PBXBuildFile; fileRef = C00474581E76CA5E006C5A2B /* BaseVideoRenderer.cpp */; };
		C004745C1E76CA5E006C5A2B /* iOSNativeRenderer.mm in Sources */ = {isa = PBXBuildFile; fileRef = C00474591E76CA5E006C5A2B /* iOSNativeRenderer.mm */; };
		C004745D1E76CA5E006C5A2B /* EAGLVideoRenderer.cpp in Sources */ = {isa = PBXBuildFile; fileRef = C004745A1E76CA5E006C5A2B /* EAGLVideoRenderer.cpp */; };
		C01458B61E538E3700D1C973 /* VIClientBridge.mm in Sources */ = {isa = PBXBuildFile; fileRef = C01458B51E538E3700D1C973 /* VIClientBridge.mm */; };
		C055D5281EA96052006E7F66 /* main.m in Sources */ = {isa = PBXBuildFile; fileRef = C055D5271EA96052006E7F66 /* main.m */; };
		C055D52B1EA96052006E7F66 /* AppDelegate.m in Sources */ = {isa = PBXBuildFile; fileRef = C055D52A1EA96052006E7F66 /* AppDelegate.m */; };
		C055D52E1EA96052006E7F66 /* ViewController.m in Sources */ = {isa = PBXBuildFile; fileRef = C055D52D1EA96052006E7F66 /* ViewController.m */; };
		C055D5311EA96052006E7F66 /* Main.storyboard in Resources */ = {isa = PBXBuildFile; fileRef = C055D52F1EA96052006E7F66 /* Main.storyboard */; };
		C055D5331EA96052006E7F66 /* Assets.xcassets in Resources */ = {isa = PBXBuildFile; fileRef = C055D5321EA96052006E7F66 /* Assets.xcassets */; };
		C055D5361EA96052006E7F66 /* LaunchScreen.storyboard in Resources */ = {isa = PBXBuildFile; fileRef = C055D5341EA96052006E7F66 /* LaunchScreen.storyboard */; };
		C09E310D1EC70FE2005764CC /* libyuv.a in Frameworks */ = {isa = PBXBuildFile; fileRef = C09E30F61EC70FE2005764CC /* libyuv.a */; };
		D62AA1A43864A172C342EE15 /* VIEAGLVideoStreamSource.mm in Sources */ = {isa = PBXBuildFile; fileRef = D62AA2EF90EACA6B910B3621 /* VIEAGLVideoStreamSource.mm */; };
		D62AA237945BDE20F51E268B /* MetalVideoRenderer.mm in Sources */ = {isa = PBXBuildFile; fileRef = D62AA979E01CF3EE085EBD1F /* MetalVideoRenderer.mm */; };
		D62AA2C853092596D7C6192F /* EGLVideoRenderer.cpp in Sources */ = {isa = PBXBuildFile; fileRef = D62AA18F6B97C9597832E344 /* EGLVideoRenderer.cpp */; };
		D62AA78480F0CE9BE005C8AC /* VIEAGLRenderer.mm in Sources */ = {isa = PBXBuildFile; fileRef = D62AAD11FB0CCD818D96E6F5 /* VIEAGLRenderer.mm */; };
		D62AA7E192F6B827A7C646AB /* VIMetalRenderer.mm in Sources */ = {isa = PBXBuildFile; fileRef = D62AA5CE48FAA1DDBD4E565E /* VIMetalRenderer.mm */; };
		D62AAC89295A53022FC6D9AA /* VIBaseVideoStreamSource.m in Sources */ = {isa = PBXBuildFile; fileRef = D62AA9E69B519AF634BA876C /* VIBaseVideoStreamSource.m */; };
		D62AAD6C924F5A2CF25FDC00 /* VIBlocksThread.m in Sources */ = {isa = PBXBuildFile; fileRef = D62AAD7DBC816D9C4CEC0124 /* VIBlocksThread.m */; };
		D62AAEC001C1890612320059 /* BaseOGLVideoRenderer.cpp in Sources */ = {isa = PBXBuildFile; fileRef = D62AA389A9D64DFECBA35ADB /* BaseOGLVideoRenderer.cpp */; };
		D62AAF7ED6A3626FC6E389EC /* VIJsonDic.m in Sources */ = {isa = PBXBuildFile; fileRef = D62AA6906A632A6D3201F78D /* VIJsonDic.m */; };
		D62AAFFCB6639A30AE842A48 /* VIMetalVideoStreamSource.mm in Sources */ = {isa = PBXBuildFile; fileRef = D62AA8E9108E461F36F26E01 /* VIMetalVideoStreamSource.mm */; };
/* End PBXBuildFile section */

/* Begin PBXContainerItemProxy section */
		C055D53B1EA96090006E7F66 /* PBXContainerItemProxy */ = {
			isa = PBXContainerItemProxy;
			containerPortal = C01458A11E53896700D1C973 /* Project object */;
			proxyType = 1;
			remoteGlobalIDString = C01458A81E53896700D1C973;
			remoteInfo = "unity-bridge";
		};
/* End PBXContainerItemProxy section */

/* Begin PBXCopyFilesBuildPhase section */
		C01458A71E53896700D1C973 /* CopyFiles */ = {
			isa = PBXCopyFilesBuildPhase;
			buildActionMask = 2147483647;
			dstPath = "include/$(PRODUCT_NAME)";
			dstSubfolderSpec = 16;
			files = (
			);
			runOnlyForDeploymentPostprocessing = 0;
		};
/* End PBXCopyFilesBuildPhase section */

/* Begin PBXFileReference section */
		C00474581E76CA5E006C5A2B /* BaseVideoRenderer.cpp */ = {isa = PBXFileReference; explicitFileType = sourcecode.cpp.objcpp; fileEncoding = 4; name = BaseVideoRenderer.cpp; path = ../../../android/library/src/main/cpp/BaseVideoRenderer.cpp; sourceTree = "<group>"; };
		C00474591E76CA5E006C5A2B /* iOSNativeRenderer.mm */ = {isa = PBXFileReference; explicitFileType = sourcecode.cpp.objcpp; fileEncoding = 4; name = iOSNativeRenderer.mm; path = ../../../android/library/src/main/cpp/iOSNativeRenderer.mm; sourceTree = "<group>"; };
		C004745A1E76CA5E006C5A2B /* EAGLVideoRenderer.cpp */ = {isa = PBXFileReference; explicitFileType = sourcecode.cpp.objcpp; fileEncoding = 4; name = EAGLVideoRenderer.cpp; path = ../../../android/library/src/main/cpp/EAGLVideoRenderer.cpp; sourceTree = "<group>"; };
		C01458A91E53896700D1C973 /* libunity-bridge.a */ = {isa = PBXFileReference; explicitFileType = archive.ar; includeInIndex = 0; path = "libunity-bridge.a"; sourceTree = BUILT_PRODUCTS_DIR; };
		C01458B51E538E3700D1C973 /* VIClientBridge.mm */ = {isa = PBXFileReference; fileEncoding = 4; lastKnownFileType = sourcecode.cpp.objcpp; path = VIClientBridge.mm; sourceTree = "<group>"; };
		C055D5241EA96052006E7F66 /* unity-bridge-fake.app */ = {isa = PBXFileReference; explicitFileType = wrapper.application; includeInIndex = 0; path = "unity-bridge-fake.app"; sourceTree = BUILT_PRODUCTS_DIR; };
		C055D5271EA96052006E7F66 /* main.m */ = {isa = PBXFileReference; lastKnownFileType = sourcecode.c.objc; path = main.m; sourceTree = "<group>"; };
		C055D5291EA96052006E7F66 /* AppDelegate.h */ = {isa = PBXFileReference; lastKnownFileType = sourcecode.c.h; path = AppDelegate.h; sourceTree = "<group>"; };
		C055D52A1EA96052006E7F66 /* AppDelegate.m */ = {isa = PBXFileReference; lastKnownFileType = sourcecode.c.objc; path = AppDelegate.m; sourceTree = "<group>"; };
		C055D52C1EA96052006E7F66 /* ViewController.h */ = {isa = PBXFileReference; lastKnownFileType = sourcecode.c.h; path = ViewController.h; sourceTree = "<group>"; };
		C055D52D1EA96052006E7F66 /* ViewController.m */ = {isa = PBXFileReference; lastKnownFileType = sourcecode.c.objc; path = ViewController.m; sourceTree = "<group>"; };
		C055D5301EA96052006E7F66 /* Base */ = {isa = PBXFileReference; lastKnownFileType = file.storyboard; name = Base; path = Base.lproj/Main.storyboard; sourceTree = "<group>"; };
		C055D5321EA96052006E7F66 /* Assets.xcassets */ = {isa = PBXFileReference; lastKnownFileType = folder.assetcatalog; path = Assets.xcassets; sourceTree = "<group>"; };
		C055D5351EA96052006E7F66 /* Base */ = {isa = PBXFileReference; lastKnownFileType = file.storyboard; name = Base; path = Base.lproj/LaunchScreen.storyboard; sourceTree = "<group>"; };
		C055D5371EA96052006E7F66 /* Info.plist */ = {isa = PBXFileReference; lastKnownFileType = text.plist.xml; path = Info.plist; sourceTree = "<group>"; };
		C09E30F61EC70FE2005764CC /* libyuv.a */ = {isa = PBXFileReference; lastKnownFileType = archive.ar; path = libyuv.a; sourceTree = "<group>"; };
		C09E30F81EC70FE2005764CC /* basic_types.h */ = {isa = PBXFileReference; fileEncoding = 4; lastKnownFileType = sourcecode.c.h; path = basic_types.h; sourceTree = "<group>"; };
		C09E30F91EC70FE2005764CC /* compare.h */ = {isa = PBXFileReference; fileEncoding = 4; lastKnownFileType = sourcecode.c.h; path = compare.h; sourceTree = "<group>"; };
		C09E30FA1EC70FE2005764CC /* compare_row.h */ = {isa = PBXFileReference; fileEncoding = 4; lastKnownFileType = sourcecode.c.h; path = compare_row.h; sourceTree = "<group>"; };
		C09E30FB1EC70FE2005764CC /* convert.h */ = {isa = PBXFileReference; fileEncoding = 4; lastKnownFileType = sourcecode.c.h; path = convert.h; sourceTree = "<group>"; };
		C09E30FC1EC70FE2005764CC /* convert_argb.h */ = {isa = PBXFileReference; fileEncoding = 4; lastKnownFileType = sourcecode.c.h; path = convert_argb.h; sourceTree = "<group>"; };
		C09E30FD1EC70FE2005764CC /* convert_from.h */ = {isa = PBXFileReference; fileEncoding = 4; lastKnownFileType = sourcecode.c.h; path = convert_from.h; sourceTree = "<group>"; };
		C09E30FE1EC70FE2005764CC /* convert_from_argb.h */ = {isa = PBXFileReference; fileEncoding = 4; lastKnownFileType = sourcecode.c.h; path = convert_from_argb.h; sourceTree = "<group>"; };
		C09E30FF1EC70FE2005764CC /* cpu_id.h */ = {isa = PBXFileReference; fileEncoding = 4; lastKnownFileType = sourcecode.c.h; path = cpu_id.h; sourceTree = "<group>"; };
		C09E31001EC70FE2005764CC /* macros_msa.h */ = {isa = PBXFileReference; fileEncoding = 4; lastKnownFileType = sourcecode.c.h; path = macros_msa.h; sourceTree = "<group>"; };
		C09E31011EC70FE2005764CC /* mjpeg_decoder.h */ = {isa = PBXFileReference; fileEncoding = 4; lastKnownFileType = sourcecode.c.h; path = mjpeg_decoder.h; sourceTree = "<group>"; };
		C09E31021EC70FE2005764CC /* planar_functions.h */ = {isa = PBXFileReference; fileEncoding = 4; lastKnownFileType = sourcecode.c.h; path = planar_functions.h; sourceTree = "<group>"; };
		C09E31031EC70FE2005764CC /* rotate.h */ = {isa = PBXFileReference; fileEncoding = 4; lastKnownFileType = sourcecode.c.h; path = rotate.h; sourceTree = "<group>"; };
		C09E31041EC70FE2005764CC /* rotate_argb.h */ = {isa = PBXFileReference; fileEncoding = 4; lastKnownFileType = sourcecode.c.h; path = rotate_argb.h; sourceTree = "<group>"; };
		C09E31051EC70FE2005764CC /* rotate_row.h */ = {isa = PBXFileReference; fileEncoding = 4; lastKnownFileType = sourcecode.c.h; path = rotate_row.h; sourceTree = "<group>"; };
		C09E31061EC70FE2005764CC /* row.h */ = {isa = PBXFileReference; fileEncoding = 4; lastKnownFileType = sourcecode.c.h; path = row.h; sourceTree = "<group>"; };
		C09E31071EC70FE2005764CC /* scale.h */ = {isa = PBXFileReference; fileEncoding = 4; lastKnownFileType = sourcecode.c.h; path = scale.h; sourceTree = "<group>"; };
		C09E31081EC70FE2005764CC /* scale_argb.h */ = {isa = PBXFileReference; fileEncoding = 4; lastKnownFileType = sourcecode.c.h; path = scale_argb.h; sourceTree = "<group>"; };
		C09E31091EC70FE2005764CC /* scale_row.h */ = {isa = PBXFileReference; fileEncoding = 4; lastKnownFileType = sourcecode.c.h; path = scale_row.h; sourceTree = "<group>"; };
		C09E310A1EC70FE2005764CC /* version.h */ = {isa = PBXFileReference; fileEncoding = 4; lastKnownFileType = sourcecode.c.h; path = version.h; sourceTree = "<group>"; };
		C09E310B1EC70FE2005764CC /* video_common.h */ = {isa = PBXFileReference; fileEncoding = 4; lastKnownFileType = sourcecode.c.h; path = video_common.h; sourceTree = "<group>"; };
		C09E310C1EC70FE2005764CC /* libyuv.h */ = {isa = PBXFileReference; fileEncoding = 4; lastKnownFileType = sourcecode.c.h; path = libyuv.h; sourceTree = "<group>"; };
		D62AA016361E5CB5B0E7E1F8 /* IUnityInterface.h */ = {isa = PBXFileReference; fileEncoding = 4; lastKnownFileType = sourcecode.c.h; path = IUnityInterface.h; sourceTree = "<group>"; };
		D62AA0D52E6FFFAB2F61F24A /* iOSNativeRenderer.h */ = {isa = PBXFileReference; fileEncoding = 4; lastKnownFileType = sourcecode.c.h; path = iOSNativeRenderer.h; sourceTree = "<group>"; };
		D62AA18F6B97C9597832E344 /* EGLVideoRenderer.cpp */ = {isa = PBXFileReference; fileEncoding = 4; lastKnownFileType = sourcecode.cpp.cpp; path = EGLVideoRenderer.cpp; sourceTree = "<group>"; };
		D62AA1EA10E0C70CC0E14194 /* EAGLVideoRenderer.h */ = {isa = PBXFileReference; fileEncoding = 4; lastKnownFileType = sourcecode.c.h; path = EAGLVideoRenderer.h; sourceTree = "<group>"; };
		D62AA29FF8E0FD9877FACB18 /* BaseVideoRenderer.h */ = {isa = PBXFileReference; fileEncoding = 4; lastKnownFileType = sourcecode.c.h; path = BaseVideoRenderer.h; sourceTree = "<group>"; };
		D62AA2EF90EACA6B910B3621 /* VIEAGLVideoStreamSource.mm */ = {isa = PBXFileReference; fileEncoding = 4; lastKnownFileType = sourcecode.cpp.objcpp; path = VIEAGLVideoStreamSource.mm; sourceTree = "<group>"; };
		D62AA33589737E9520E40BAC /* BaseImports.h */ = {isa = PBXFileReference; fileEncoding = 4; lastKnownFileType = sourcecode.c.h; path = BaseImports.h; sourceTree = "<group>"; };
		D62AA389A9D64DFECBA35ADB /* BaseOGLVideoRenderer.cpp */ = {isa = PBXFileReference; explicitFileType = sourcecode.cpp.objcpp; fileEncoding = 4; path = BaseOGLVideoRenderer.cpp; sourceTree = "<group>"; };
		D62AA4698C602BA7FA87D1B1 /* IUnityGraphicsD3D11.h */ = {isa = PBXFileReference; fileEncoding = 4; lastKnownFileType = sourcecode.c.h; path = IUnityGraphicsD3D11.h; sourceTree = "<group>"; };
		D62AA507CF13C0D3D18CA18F /* VIEAGLRenderer.h */ = {isa = PBXFileReference; fileEncoding = 4; lastKnownFileType = sourcecode.c.h; path = VIEAGLRenderer.h; sourceTree = "<group>"; };
		D62AA54C04AFF6053C52C9D2 /* IUnityGraphics.h */ = {isa = PBXFileReference; fileEncoding = 4; lastKnownFileType = sourcecode.c.h; path = IUnityGraphics.h; sourceTree = "<group>"; };
		D62AA560FB7BEECF7F4D80B7 /* EGLVideoRenderer.h */ = {isa = PBXFileReference; fileEncoding = 4; lastKnownFileType = sourcecode.c.h; path = EGLVideoRenderer.h; sourceTree = "<group>"; };
		D62AA57DC25614AE5AE91420 /* VIBlocksThread.h */ = {isa = PBXFileReference; fileEncoding = 4; lastKnownFileType = sourcecode.c.h; path = VIBlocksThread.h; sourceTree = "<group>"; };
		D62AA59AA7F7D0729522D548 /* VIMetalVideoStreamSource.h */ = {isa = PBXFileReference; fileEncoding = 4; lastKnownFileType = sourcecode.c.h; path = VIMetalVideoStreamSource.h; sourceTree = "<group>"; };
		D62AA5CE48FAA1DDBD4E565E /* VIMetalRenderer.mm */ = {isa = PBXFileReference; fileEncoding = 4; lastKnownFileType = sourcecode.cpp.objcpp; path = VIMetalRenderer.mm; sourceTree = "<group>"; };
		D62AA6906A632A6D3201F78D /* VIJsonDic.m */ = {isa = PBXFileReference; fileEncoding = 4; lastKnownFileType = sourcecode.c.objc; path = VIJsonDic.m; sourceTree = "<group>"; };
		D62AA83F9DA5B80EC65B1877 /* VIBaseVideoStreamSource.h */ = {isa = PBXFileReference; fileEncoding = 4; lastKnownFileType = sourcecode.c.h; path = VIBaseVideoStreamSource.h; sourceTree = "<group>"; };
		D62AA863E8DC5127434DF2E5 /* BaseOGLVideoRenderer.h */ = {isa = PBXFileReference; fileEncoding = 4; lastKnownFileType = sourcecode.c.h; path = BaseOGLVideoRenderer.h; sourceTree = "<group>"; };
		D62AA8E9108E461F36F26E01 /* VIMetalVideoStreamSource.mm */ = {isa = PBXFileReference; fileEncoding = 4; lastKnownFileType = sourcecode.cpp.objcpp; path = VIMetalVideoStreamSource.mm; sourceTree = "<group>"; };
		D62AA918220C7C19B0676C86 /* AndroidNativeRenderer.cpp */ = {isa = PBXFileReference; fileEncoding = 4; lastKnownFileType = sourcecode.cpp.cpp; path = AndroidNativeRenderer.cpp; sourceTree = "<group>"; };
		D62AA970F6C27690ECD7CC5F /* DestroyList.hpp */ = {isa = PBXFileReference; fileEncoding = 4; lastKnownFileType = sourcecode.cpp.h; path = DestroyList.hpp; sourceTree = "<group>"; };
		D62AA979E01CF3EE085EBD1F /* MetalVideoRenderer.mm */ = {isa = PBXFileReference; fileEncoding = 4; lastKnownFileType = sourcecode.cpp.objcpp; path = MetalVideoRenderer.mm; sourceTree = "<group>"; };
		D62AA9E69B519AF634BA876C /* VIBaseVideoStreamSource.m */ = {isa = PBXFileReference; fileEncoding = 4; lastKnownFileType = sourcecode.c.objc; path = VIBaseVideoStreamSource.m; sourceTree = "<group>"; };
		D62AAA0449A98B51452AC7F0 /* DestroyList.h */ = {isa = PBXFileReference; fileEncoding = 4; lastKnownFileType = sourcecode.c.h; path = DestroyList.h; sourceTree = "<group>"; };
		D62AAABAC741E37CD83EC423 /* VIEAGLVideoStreamSource.h */ = {isa = PBXFileReference; fileEncoding = 4; lastKnownFileType = sourcecode.c.h; path = VIEAGLVideoStreamSource.h; sourceTree = "<group>"; };
		D62AAB1A0FA639E00A997CE8 /* IUnityGraphicsD3D12.h */ = {isa = PBXFileReference; fileEncoding = 4; lastKnownFileType = sourcecode.c.h; path = IUnityGraphicsD3D12.h; sourceTree = "<group>"; };
		D62AAC0D71CF9E97DFD34321 /* VIMetalRenderer.h */ = {isa = PBXFileReference; fileEncoding = 4; lastKnownFileType = sourcecode.c.h; path = VIMetalRenderer.h; sourceTree = "<group>"; };
		D62AAC22C1E2E6346F95CBC2 /* VIClientBridge.h */ = {isa = PBXFileReference; fileEncoding = 4; lastKnownFileType = sourcecode.c.h; path = VIClientBridge.h; sourceTree = "<group>"; };
		D62AAD11FB0CCD818D96E6F5 /* VIEAGLRenderer.mm */ = {isa = PBXFileReference; fileEncoding = 4; lastKnownFileType = sourcecode.cpp.objcpp; path = VIEAGLRenderer.mm; sourceTree = "<group>"; };
		D62AAD7DBC816D9C4CEC0124 /* VIBlocksThread.m */ = {isa = PBXFileReference; fileEncoding = 4; lastKnownFileType = sourcecode.c.objc; path = VIBlocksThread.m; sourceTree = "<group>"; };
		D62AAEDE90E33D76FCDF3711 /* MetalVideoRenderer.h */ = {isa = PBXFileReference; fileEncoding = 4; lastKnownFileType = sourcecode.c.h; path = MetalVideoRenderer.h; sourceTree = "<group>"; };
		D62AAF4E192B333DA4AFA332 /* IUnityGraphicsMetal.h */ = {isa = PBXFileReference; fileEncoding = 4; lastKnownFileType = sourcecode.c.h; path = IUnityGraphicsMetal.h; sourceTree = "<group>"; };
		D62AAF4E84AC63A7FB0E73F3 /* LockGuard.hpp */ = {isa = PBXFileReference; fileEncoding = 4; lastKnownFileType = sourcecode.cpp.h; path = LockGuard.hpp; sourceTree = "<group>"; };
		D62AAFB3F3EF6FEC07956A23 /* VIJsonDic.h */ = {isa = PBXFileReference; fileEncoding = 4; lastKnownFileType = sourcecode.c.h; path = VIJsonDic.h; sourceTree = "<group>"; };
		D62AAFE308110A17A30C3DB4 /* IUnityGraphicsD3D9.h */ = {isa = PBXFileReference; fileEncoding = 4; lastKnownFileType = sourcecode.c.h; path = IUnityGraphicsD3D9.h; sourceTree = "<group>"; };
/* End PBXFileReference section */

/* Begin PBXFrameworksBuildPhase section */
		C01458A61E53896700D1C973 /* Frameworks */ = {
			isa = PBXFrameworksBuildPhase;
			buildActionMask = 2147483647;
			files = (
				C09E310D1EC70FE2005764CC /* libyuv.a in Frameworks */,
			);
			runOnlyForDeploymentPostprocessing = 0;
		};
		C055D5211EA96052006E7F66 /* Frameworks */ = {
			isa = PBXFrameworksBuildPhase;
			buildActionMask = 2147483647;
			files = (
			);
			runOnlyForDeploymentPostprocessing = 0;
		};
/* End PBXFrameworksBuildPhase section */

/* Begin PBXGroup section */
		C01458A01E53896700D1C973 = {
			isa = PBXGroup;
			children = (
				C01458AB1E53896700D1C973 /* unity-bridge */,
				C055D5251EA96052006E7F66 /* unity-bridge-fake */,
				C01458AA1E53896700D1C973 /* Products */,
				D62AAEB7CFE1F8F3B04BFD40 /* Third Party */,
			);
			sourceTree = "<group>";
		};
		C01458AA1E53896700D1C973 /* Products */ = {
			isa = PBXGroup;
			children = (
				C01458A91E53896700D1C973 /* libunity-bridge.a */,
				C055D5241EA96052006E7F66 /* unity-bridge-fake.app */,
			);
			name = Products;
			sourceTree = "<group>";
		};
		C01458AB1E53896700D1C973 /* unity-bridge */ = {
			isa = PBXGroup;
			children = (
				D62AA57DC25614AE5AE91420 /* VIBlocksThread.h */,
				D62AAD7DBC816D9C4CEC0124 /* VIBlocksThread.m */,
				D62AA507CF13C0D3D18CA18F /* VIEAGLRenderer.h */,
				D62AAD11FB0CCD818D96E6F5 /* VIEAGLRenderer.mm */,
				D62AAFB3F3EF6FEC07956A23 /* VIJsonDic.h */,
				D62AA6906A632A6D3201F78D /* VIJsonDic.m */,
				D62AAC0D71CF9E97DFD34321 /* VIMetalRenderer.h */,
				D62AA5CE48FAA1DDBD4E565E /* VIMetalRenderer.mm */,
				D62AAEDE90E33D76FCDF3711 /* MetalVideoRenderer.h */,
				D62AA979E01CF3EE085EBD1F /* MetalVideoRenderer.mm */,
				D62AAD77B5AA2204BF309BBB /* Render */,
				D62AAC22C1E2E6346F95CBC2 /* VIClientBridge.h */,
				C01458B51E538E3700D1C973 /* VIClientBridge.mm */,
				D62AA43D7E3F3CD8FF910A7B /* Video Stream Source */,
			);
			path = "unity-bridge";
			sourceTree = "<group>";
		};
		C055D5251EA96052006E7F66 /* unity-bridge-fake */ = {
			isa = PBXGroup;
			children = (
				C055D5291EA96052006E7F66 /* AppDelegate.h */,
				C055D52A1EA96052006E7F66 /* AppDelegate.m */,
				C055D52C1EA96052006E7F66 /* ViewController.h */,
				C055D52D1EA96052006E7F66 /* ViewController.m */,
				C055D52F1EA96052006E7F66 /* Main.storyboard */,
				C055D5321EA96052006E7F66 /* Assets.xcassets */,
				C055D5341EA96052006E7F66 /* LaunchScreen.storyboard */,
				C055D5371EA96052006E7F66 /* Info.plist */,
				C055D5261EA96052006E7F66 /* Supporting Files */,
			);
			path = "unity-bridge-fake";
			sourceTree = "<group>";
		};
		C055D5261EA96052006E7F66 /* Supporting Files */ = {
			isa = PBXGroup;
			children = (
				C055D5271EA96052006E7F66 /* main.m */,
			);
			name = "Supporting Files";
			sourceTree = "<group>";
		};
		C09E30F71EC70FE2005764CC /* libyuv */ = {
			isa = PBXGroup;
			children = (
				C09E30F81EC70FE2005764CC /* basic_types.h */,
				C09E30F91EC70FE2005764CC /* compare.h */,
				C09E30FA1EC70FE2005764CC /* compare_row.h */,
				C09E30FB1EC70FE2005764CC /* convert.h */,
				C09E30FC1EC70FE2005764CC /* convert_argb.h */,
				C09E30FD1EC70FE2005764CC /* convert_from.h */,
				C09E30FE1EC70FE2005764CC /* convert_from_argb.h */,
				C09E30FF1EC70FE2005764CC /* cpu_id.h */,
				C09E31001EC70FE2005764CC /* macros_msa.h */,
				C09E31011EC70FE2005764CC /* mjpeg_decoder.h */,
				C09E31021EC70FE2005764CC /* planar_functions.h */,
				C09E31031EC70FE2005764CC /* rotate.h */,
				C09E31041EC70FE2005764CC /* rotate_argb.h */,
				C09E31051EC70FE2005764CC /* rotate_row.h */,
				C09E31061EC70FE2005764CC /* row.h */,
				C09E31071EC70FE2005764CC /* scale.h */,
				C09E31081EC70FE2005764CC /* scale_argb.h */,
				C09E31091EC70FE2005764CC /* scale_row.h */,
				C09E310A1EC70FE2005764CC /* version.h */,
				C09E310B1EC70FE2005764CC /* video_common.h */,
			);
			path = libyuv;
			sourceTree = "<group>";
		};
		D62AA042B972F96C52D75F20 /* Unity */ = {
			isa = PBXGroup;
			children = (
				D62AA54C04AFF6053C52C9D2 /* IUnityGraphics.h */,
				D62AA016361E5CB5B0E7E1F8 /* IUnityInterface.h */,
				D62AAFE308110A17A30C3DB4 /* IUnityGraphicsD3D9.h */,
				D62AA4698C602BA7FA87D1B1 /* IUnityGraphicsD3D11.h */,
				D62AAB1A0FA639E00A997CE8 /* IUnityGraphicsD3D12.h */,
				D62AAF4E192B333DA4AFA332 /* IUnityGraphicsMetal.h */,
			);
			path = Unity;
			sourceTree = "<group>";
		};
		D62AA43D7E3F3CD8FF910A7B /* Video Stream Source */ = {
			isa = PBXGroup;
			children = (
				D62AA9E69B519AF634BA876C /* VIBaseVideoStreamSource.m */,
				D62AA83F9DA5B80EC65B1877 /* VIBaseVideoStreamSource.h */,
				D62AA2EF90EACA6B910B3621 /* VIEAGLVideoStreamSource.mm */,
				D62AAABAC741E37CD83EC423 /* VIEAGLVideoStreamSource.h */,
				D62AA8E9108E461F36F26E01 /* VIMetalVideoStreamSource.mm */,
				D62AA59AA7F7D0729522D548 /* VIMetalVideoStreamSource.h */,
			);
			path = "Video Stream Source";
			sourceTree = "<group>";
		};
		D62AA460966BBE298F96549E /* libyuv */ = {
			isa = PBXGroup;
			children = (
				C09E30F61EC70FE2005764CC /* libyuv.a */,
				C09E30F71EC70FE2005764CC /* libyuv */,
				C09E310C1EC70FE2005764CC /* libyuv.h */,
			);
			path = libyuv;
			sourceTree = "<group>";
		};
		D62AAD77B5AA2204BF309BBB /* Render */ = {
			isa = PBXGroup;
			children = (
				D62AA918220C7C19B0676C86 /* AndroidNativeRenderer.cpp */,
				D62AA33589737E9520E40BAC /* BaseImports.h */,
				D62AA389A9D64DFECBA35ADB /* BaseOGLVideoRenderer.cpp */,
				D62AA863E8DC5127434DF2E5 /* BaseOGLVideoRenderer.h */,
				C00474581E76CA5E006C5A2B /* BaseVideoRenderer.cpp */,
				D62AA29FF8E0FD9877FACB18 /* BaseVideoRenderer.h */,
				D62AAA0449A98B51452AC7F0 /* DestroyList.h */,
				D62AA970F6C27690ECD7CC5F /* DestroyList.hpp */,
				C004745A1E76CA5E006C5A2B /* EAGLVideoRenderer.cpp */,
				D62AA1EA10E0C70CC0E14194 /* EAGLVideoRenderer.h */,
				D62AA18F6B97C9597832E344 /* EGLVideoRenderer.cpp */,
				D62AA560FB7BEECF7F4D80B7 /* EGLVideoRenderer.h */,
				C00474591E76CA5E006C5A2B /* iOSNativeRenderer.mm */,
				D62AA0D52E6FFFAB2F61F24A /* iOSNativeRenderer.h */,
				D62AAF4E84AC63A7FB0E73F3 /* LockGuard.hpp */,
				D62AA042B972F96C52D75F20 /* Unity */,
			);
			path = Render;
			sourceTree = "<group>";
		};
		D62AAEB7CFE1F8F3B04BFD40 /* Third Party */ = {
			isa = PBXGroup;
			children = (
				D62AA460966BBE298F96549E /* libyuv */,
			);
			path = "Third Party";
			sourceTree = "<group>";
		};
/* End PBXGroup section */

/* Begin PBXNativeTarget section */
		C01458A81E53896700D1C973 /* unity-bridge */ = {
			isa = PBXNativeTarget;
			buildConfigurationList = C01458B21E53896700D1C973 /* Build configuration list for PBXNativeTarget "unity-bridge" */;
			buildPhases = (
				C01458A51E53896700D1C973 /* Sources */,
				C01458A61E53896700D1C973 /* Frameworks */,
				C01458A71E53896700D1C973 /* CopyFiles */,
			);
			buildRules = (
			);
			dependencies = (
			);
			name = "unity-bridge";
			productName = "unity-bridge";
			productReference = C01458A91E53896700D1C973 /* libunity-bridge.a */;
			productType = "com.apple.product-type.library.static";
		};
		C055D5231EA96052006E7F66 /* unity-bridge-fake */ = {
			isa = PBXNativeTarget;
			buildConfigurationList = C055D53A1EA96052006E7F66 /* Build configuration list for PBXNativeTarget "unity-bridge-fake" */;
			buildPhases = (
				C055D5201EA96052006E7F66 /* Sources */,
				C055D5211EA96052006E7F66 /* Frameworks */,
				C055D5221EA96052006E7F66 /* Resources */,
			);
			buildRules = (
			);
			dependencies = (
				C055D53C1EA96090006E7F66 /* PBXTargetDependency */,
			);
			name = "unity-bridge-fake";
			productName = "unity-bridge-fake";
			productReference = C055D5241EA96052006E7F66 /* unity-bridge-fake.app */;
			productType = "com.apple.product-type.application";
		};
/* End PBXNativeTarget section */

/* Begin PBXProject section */
		C01458A11E53896700D1C973 /* Project object */ = {
			isa = PBXProject;
			attributes = {
				LastUpgradeCheck = 0820;
				ORGANIZATIONNAME = voximplant;
				TargetAttributes = {
					C01458A81E53896700D1C973 = {
						CreatedOnToolsVersion = 8.2.1;
						ProvisioningStyle = Automatic;
					};
					C055D5231EA96052006E7F66 = {
						CreatedOnToolsVersion = 8.3.2;
						ProvisioningStyle = Automatic;
					};
				};
			};
			buildConfigurationList = C01458A41E53896700D1C973 /* Build configuration list for PBXProject "unity-bridge" */;
			compatibilityVersion = "Xcode 3.2";
			developmentRegion = English;
			hasScannedForEncodings = 0;
			knownRegions = (
				en,
				Base,
			);
			mainGroup = C01458A01E53896700D1C973;
			productRefGroup = C01458AA1E53896700D1C973 /* Products */;
			projectDirPath = "";
			projectRoot = "";
			targets = (
				C01458A81E53896700D1C973 /* unity-bridge */,
				C055D5231EA96052006E7F66 /* unity-bridge-fake */,
			);
		};
/* End PBXProject section */

/* Begin PBXResourcesBuildPhase section */
		C055D5221EA96052006E7F66 /* Resources */ = {
			isa = PBXResourcesBuildPhase;
			buildActionMask = 2147483647;
			files = (
				C055D5361EA96052006E7F66 /* LaunchScreen.storyboard in Resources */,
				C055D5331EA96052006E7F66 /* Assets.xcassets in Resources */,
				C055D5311EA96052006E7F66 /* Main.storyboard in Resources */,
			);
			runOnlyForDeploymentPostprocessing = 0;
		};
/* End PBXResourcesBuildPhase section */

/* Begin PBXSourcesBuildPhase section */
		C01458A51E53896700D1C973 /* Sources */ = {
			isa = PBXSourcesBuildPhase;
			buildActionMask = 2147483647;
			files = (
				C004745B1E76CA5E006C5A2B /* BaseVideoRenderer.cpp in Sources */,
				C004745C1E76CA5E006C5A2B /* iOSNativeRenderer.mm in Sources */,
				C01458B61E538E3700D1C973 /* VIClientBridge.mm in Sources */,
				D62AAF7ED6A3626FC6E389EC /* VIJsonDic.m in Sources */,
				D62AA2C853092596D7C6192F /* EGLVideoRenderer.cpp in Sources */,
				D62AAEC001C1890612320059 /* BaseOGLVideoRenderer.cpp in Sources */,
				D62AA78480F0CE9BE005C8AC /* VIEAGLRenderer.mm in Sources */,
				D62AAD6C924F5A2CF25FDC00 /* VIBlocksThread.m in Sources */,
				D62AA7E192F6B827A7C646AB /* VIMetalRenderer.mm in Sources */,
				D62AA237945BDE20F51E268B /* MetalVideoRenderer.mm in Sources */,
				C004745D1E76CA5E006C5A2B /* EAGLVideoRenderer.cpp in Sources */,
				D62AAC89295A53022FC6D9AA /* VIBaseVideoStreamSource.m in Sources */,
				D62AA1A43864A172C342EE15 /* VIEAGLVideoStreamSource.mm in Sources */,
				D62AAFFCB6639A30AE842A48 /* VIMetalVideoStreamSource.mm in Sources */,
			);
			runOnlyForDeploymentPostprocessing = 0;
		};
		C055D5201EA96052006E7F66 /* Sources */ = {
			isa = PBXSourcesBuildPhase;
			buildActionMask = 2147483647;
			files = (
				C055D52E1EA96052006E7F66 /* ViewController.m in Sources */,
				C055D52B1EA96052006E7F66 /* AppDelegate.m in Sources */,
				C055D5281EA96052006E7F66 /* main.m in Sources */,
			);
			runOnlyForDeploymentPostprocessing = 0;
		};
/* End PBXSourcesBuildPhase section */

/* Begin PBXTargetDependency section */
		C055D53C1EA96090006E7F66 /* PBXTargetDependency */ = {
			isa = PBXTargetDependency;
			target = C01458A81E53896700D1C973 /* unity-bridge */;
			targetProxy = C055D53B1EA96090006E7F66 /* PBXContainerItemProxy */;
		};
/* End PBXTargetDependency section */

/* Begin PBXVariantGroup section */
		C055D52F1EA96052006E7F66 /* Main.storyboard */ = {
			isa = PBXVariantGroup;
			children = (
				C055D5301EA96052006E7F66 /* Base */,
			);
			name = Main.storyboard;
			sourceTree = "<group>";
		};
		C055D5341EA96052006E7F66 /* LaunchScreen.storyboard */ = {
			isa = PBXVariantGroup;
			children = (
				C055D5351EA96052006E7F66 /* Base */,
			);
			name = LaunchScreen.storyboard;
			sourceTree = "<group>";
		};
/* End PBXVariantGroup section */

/* Begin XCBuildConfiguration section */
		C01458B01E53896700D1C973 /* Debug */ = {
			isa = XCBuildConfiguration;
			buildSettings = {
				ALWAYS_SEARCH_USER_PATHS = NO;
				CLANG_ANALYZER_NONNULL = YES;
				CLANG_CXX_LANGUAGE_STANDARD = "gnu++0x";
				CLANG_CXX_LIBRARY = "libc++";
				CLANG_ENABLE_MODULES = YES;
				CLANG_ENABLE_OBJC_ARC = YES;
				CLANG_WARN_BOOL_CONVERSION = YES;
				CLANG_WARN_CONSTANT_CONVERSION = YES;
				CLANG_WARN_DIRECT_OBJC_ISA_USAGE = YES_ERROR;
				CLANG_WARN_DOCUMENTATION_COMMENTS = YES;
				CLANG_WARN_EMPTY_BODY = YES;
				CLANG_WARN_ENUM_CONVERSION = YES;
				CLANG_WARN_INFINITE_RECURSION = YES;
				CLANG_WARN_INT_CONVERSION = YES;
				CLANG_WARN_OBJC_ROOT_CLASS = YES_ERROR;
				CLANG_WARN_SUSPICIOUS_MOVE = YES;
				CLANG_WARN_UNREACHABLE_CODE = YES;
				CLANG_WARN__DUPLICATE_METHOD_MATCH = YES;
				"CODE_SIGN_IDENTITY[sdk=iphoneos*]" = "iPhone Developer";
				DEBUG_INFORMATION_FORMAT = dwarf;
				ENABLE_BITCODE = NO;
				ENABLE_STRICT_OBJC_MSGSEND = YES;
				ENABLE_TESTABILITY = YES;
				GCC_C_LANGUAGE_STANDARD = gnu99;
				GCC_DYNAMIC_NO_PIC = NO;
				GCC_NO_COMMON_BLOCKS = YES;
				GCC_OPTIMIZATION_LEVEL = 0;
				GCC_PREPROCESSOR_DEFINITIONS = (
					"DEBUG=1",
					"$(inherited)",
					"IOS=1",
				);
				GCC_WARN_64_TO_32_BIT_CONVERSION = YES;
				GCC_WARN_ABOUT_RETURN_TYPE = YES_ERROR;
				GCC_WARN_UNDECLARED_SELECTOR = YES;
				GCC_WARN_UNINITIALIZED_AUTOS = YES_AGGRESSIVE;
				GCC_WARN_UNUSED_FUNCTION = YES;
				GCC_WARN_UNUSED_VARIABLE = YES;
				HEADER_SEARCH_PATHS = "\"$(SRCROOT)/Third Party/libyuv\"";
				IPHONEOS_DEPLOYMENT_TARGET = 8.0;
				MTL_ENABLE_DEBUG_INFO = YES;
				ONLY_ACTIVE_ARCH = YES;
				SDKROOT = iphoneos;
			};
			name = Debug;
		};
		C01458B11E53896700D1C973 /* Release */ = {
			isa = XCBuildConfiguration;
			buildSettings = {
				ALWAYS_SEARCH_USER_PATHS = NO;
				CLANG_ANALYZER_NONNULL = YES;
				CLANG_CXX_LANGUAGE_STANDARD = "gnu++0x";
				CLANG_CXX_LIBRARY = "libc++";
				CLANG_ENABLE_MODULES = YES;
				CLANG_ENABLE_OBJC_ARC = YES;
				CLANG_WARN_BOOL_CONVERSION = YES;
				CLANG_WARN_CONSTANT_CONVERSION = YES;
				CLANG_WARN_DIRECT_OBJC_ISA_USAGE = YES_ERROR;
				CLANG_WARN_DOCUMENTATION_COMMENTS = YES;
				CLANG_WARN_EMPTY_BODY = YES;
				CLANG_WARN_ENUM_CONVERSION = YES;
				CLANG_WARN_INFINITE_RECURSION = YES;
				CLANG_WARN_INT_CONVERSION = YES;
				CLANG_WARN_OBJC_ROOT_CLASS = YES_ERROR;
				CLANG_WARN_SUSPICIOUS_MOVE = YES;
				CLANG_WARN_UNREACHABLE_CODE = YES;
				CLANG_WARN__DUPLICATE_METHOD_MATCH = YES;
				"CODE_SIGN_IDENTITY[sdk=iphoneos*]" = "iPhone Developer";
				DEBUG_INFORMATION_FORMAT = "dwarf-with-dsym";
				ENABLE_BITCODE = NO;
				ENABLE_NS_ASSERTIONS = NO;
				ENABLE_STRICT_OBJC_MSGSEND = YES;
				GCC_C_LANGUAGE_STANDARD = gnu99;
				GCC_NO_COMMON_BLOCKS = YES;
				GCC_PREPROCESSOR_DEFINITIONS = "IOS=1";
				GCC_WARN_64_TO_32_BIT_CONVERSION = YES;
				GCC_WARN_ABOUT_RETURN_TYPE = YES_ERROR;
				GCC_WARN_UNDECLARED_SELECTOR = YES;
				GCC_WARN_UNINITIALIZED_AUTOS = YES_AGGRESSIVE;
				GCC_WARN_UNUSED_FUNCTION = YES;
				GCC_WARN_UNUSED_VARIABLE = YES;
				HEADER_SEARCH_PATHS = "\"$(SRCROOT)/Third Party/libyuv\"";
				IPHONEOS_DEPLOYMENT_TARGET = 8.0;
				MTL_ENABLE_DEBUG_INFO = NO;
				SDKROOT = iphoneos;
				VALIDATE_PRODUCT = YES;
			};
			name = Release;
		};
		C01458B31E53896700D1C973 /* Debug */ = {
			isa = XCBuildConfiguration;
			buildSettings = {
				LIBRARY_SEARCH_PATHS = (
					"$(inherited)",
					"$(PROJECT_DIR)/Third\\ Party/libyuv",
				);
				PRODUCT_NAME = "$(TARGET_NAME)";
				SKIP_INSTALL = YES;
			};
			name = Debug;
		};
		C01458B41E53896700D1C973 /* Release */ = {
			isa = XCBuildConfiguration;
			buildSettings = {
				LIBRARY_SEARCH_PATHS = (
					"$(inherited)",
					"$(PROJECT_DIR)/Third\\ Party/libyuv",
				);
				PRODUCT_NAME = "$(TARGET_NAME)";
				SKIP_INSTALL = YES;
			};
			name = Release;
		};
		C055D5381EA96052006E7F66 /* Debug */ = {
			isa = XCBuildConfiguration;
			buildSettings = {
				ASSETCATALOG_COMPILER_APPICON_NAME = AppIcon;
				CLANG_ANALYZER_NUMBER_OBJECT_CONVERSION = YES_AGGRESSIVE;
				COPY_PHASE_STRIP = NO;
				GCC_PREPROCESSOR_DEFINITIONS = (
					"DEBUG=1",
					"$(inherited)",
				);
				INFOPLIST_FILE = "unity-bridge-fake/Info.plist";
				IPHONEOS_DEPLOYMENT_TARGET = 10.3;
				LD_RUNPATH_SEARCH_PATHS = "$(inherited) @executable_path/Frameworks";
				PRODUCT_BUNDLE_IDENTIFIER = "com.voximplant.unity-bridge-fake";
				PRODUCT_NAME = "$(TARGET_NAME)";
			};
			name = Debug;
		};
		C055D5391EA96052006E7F66 /* Release */ = {
			isa = XCBuildConfiguration;
			buildSettings = {
				ASSETCATALOG_COMPILER_APPICON_NAME = AppIcon;
				CLANG_ANALYZER_NUMBER_OBJECT_CONVERSION = YES_AGGRESSIVE;
				COPY_PHASE_STRIP = NO;
				INFOPLIST_FILE = "unity-bridge-fake/Info.plist";
				IPHONEOS_DEPLOYMENT_TARGET = 10.3;
				LD_RUNPATH_SEARCH_PATHS = "$(inherited) @executable_path/Frameworks";
				PRODUCT_BUNDLE_IDENTIFIER = "com.voximplant.unity-bridge-fake";
				PRODUCT_NAME = "$(TARGET_NAME)";
			};
			name = Release;
		};
/* End XCBuildConfiguration section */

/* Begin XCConfigurationList section */
		C01458A41E53896700D1C973 /* Build configuration list for PBXProject "unity-bridge" */ = {
			isa = XCConfigurationList;
			buildConfigurations = (
				C01458B01E53896700D1C973 /* Debug */,
				C01458B11E53896700D1C973 /* Release */,
			);
			defaultConfigurationIsVisible = 0;
			defaultConfigurationName = Release;
		};
		C01458B21E53896700D1C973 /* Build configuration list for PBXNativeTarget "unity-bridge" */ = {
			isa = XCConfigurationList;
			buildConfigurations = (
				C01458B31E53896700D1C973 /* Debug */,
				C01458B41E53896700D1C973 /* Release */,
			);
			defaultConfigurationIsVisible = 0;
			defaultConfigurationName = Release;
		};
		C055D53A1EA96052006E7F66 /* Build configuration list for PBXNativeTarget "unity-bridge-fake" */ = {
			isa = XCConfigurationList;
			buildConfigurations = (
				C055D5381EA96052006E7F66 /* Debug */,
				C055D5391EA96052006E7F66 /* Release */,
			);
			defaultConfigurationIsVisible = 0;
			defaultConfigurationName = Release;
		};
/* End XCConfigurationList section */
	};
	rootObject = C01458A11E53896700D1C973 /* Project object */;
}
